{
  "name": "auth0-custom-db-git-integration",
  "version": "1.0.0",
  "lockfileVersion": 2,
  "requires": true,
  "packages": {
    "": {
      "name": "auth0-custom-db-git-integration",
      "version": "1.0.0",
      "dependencies": {
        "auth0-node": "^10.0.0"
      },
      "devDependencies": {
        "prettier": "2.7.1"
      }
    },
    "node_modules/auth0-node": {
      "version": "10.0.0",
      "resolved": "https://a0us.jfrog.io/a0us/api/npm/npm/auth0-node/-/auth0-node-10.0.0.tgz",
      "integrity": "sha512-1O5rBTxnJ/JGmKaqxF6Es2+fsOX1HUEMf9m7PDGknDLXQ21cc893vlOkzrDLKHFfRI63nLdhXM4YkeukTSwQCg=="
    },
    "node_modules/prettier": {
      "version": "2.7.1",
      "resolved": "https://a0us.jfrog.io/a0us/api/npm/npm/prettier/-/prettier-2.7.1.tgz",
      "integrity": "sha512-ujppO+MkdPqoVINuDFDRLClm7D78qbDt0/NR+wp5FqEZOoTNAjPHWj17QRhu7geIHJfcNhRk1XVQmF8Bp3ye+g==",
      "dev": true,
      "license": "MIT",
      "bin": {
        "prettier": "bin-prettier.js"
      },
      "engines": {
        "node": ">=10.13.0"
      },
      "funding": {
        "url": "https://github.com/prettier/prettier?sponsor=1"
      }
    }
  },
  "dependencies": {
    "auth0-node": {
      "version": "10.0.0",
      "resolved": "https://a0us.jfrog.io/a0us/api/npm/npm/auth0-node/-/auth0-node-10.0.0.tgz",
      "integrity": "sha512-1O5rBTxnJ/JGmKaqxF6Es2+fsOX1HUEMf9m7PDGknDLXQ21cc893vlOkzrDLKHFfRI63nLdhXM4YkeukTSwQCg=="
    },
    "prettier": {
      "version": "2.7.1",
      "resolved": "https://a0us.jfrog.io/a0us/api/npm/npm/prettier/-/prettier-2.7.1.tgz",
      "integrity": "sha512-ujppO+MkdPqoVINuDFDRLClm7D78qbDt0/NR+wp5FqEZOoTNAjPHWj17QRhu7geIHJfcNhRk1XVQmF8Bp3ye+g==",
      "dev": true
    }
  }
}
